// !$*UTF8*$!
{
	archiveVersion = 1;
	classes = {
	};
	objectVersion = 56;
	objects = {

/* Begin PBXBuildFile section */
		37B260702B8BE1AE44B15B6B /* Pods_Yo.framework in Frameworks */ = {isa = PBXBuildFile; fileRef = 13B59480EACACE785743B64E /* Pods_Yo.framework */; };
		6792B564294494D80033165E /* AppDelegate.swift in Sources */ = {isa = PBXBuildFile; fileRef = 6792B563294494D80033165E /* AppDelegate.swift */; };
		6792B566294494D80033165E /* SceneDelegate.swift in Sources */ = {isa = PBXBuildFile; fileRef = 6792B565294494D80033165E /* SceneDelegate.swift */; };
		6792B56D294494D80033165E /* Assets.xcassets in Resources */ = {isa = PBXBuildFile; fileRef = 6792B56C294494D80033165E /* Assets.xcassets */; };
		6792B570294494D80033165E /* LaunchScreen.storyboard in Resources */ = {isa = PBXBuildFile; fileRef = 6792B56E294494D80033165E /* LaunchScreen.storyboard */; };
		9DA87AAD2944AE6800D7E29E /* PhoneNumberViewController.swift in Sources */ = {isa = PBXBuildFile; fileRef = 9DA87AAC2944AE6800D7E29E /* PhoneNumberViewController.swift */; };
		9DA87AB42944B03200D7E29E /* AuthManager.swift in Sources */ = {isa = PBXBuildFile; fileRef = 9DA87AB32944B03200D7E29E /* AuthManager.swift */; };
		9DA87AB62944B1D700D7E29E /* Constants.swift in Sources */ = {isa = PBXBuildFile; fileRef = 9DA87AB52944B1D700D7E29E /* Constants.swift */; };
		9DA87AB82944B2A600D7E29E /* Extensions.swift in Sources */ = {isa = PBXBuildFile; fileRef = 9DA87AB72944B2A600D7E29E /* Extensions.swift */; };
		9DA87ABA294734DC00D7E29E /* PhoneCodeViewController.swift in Sources */ = {isa = PBXBuildFile; fileRef = 9DA87AB9294734DC00D7E29E /* PhoneCodeViewController.swift */; };
		9DA87ABC2947358700D7E29E /* SignUpFormViewController.swift in Sources */ = {isa = PBXBuildFile; fileRef = 9DA87ABB2947358700D7E29E /* SignUpFormViewController.swift */; };
		9DA87ABF2947522F00D7E29E /* YoPhoneCodeTextField.swift in Sources */ = {isa = PBXBuildFile; fileRef = 9DA87ABE2947522F00D7E29E /* YoPhoneCodeTextField.swift */; };
		9DA87AC12947672500D7E29E /* YoDetailedInfoFormView.swift in Sources */ = {isa = PBXBuildFile; fileRef = 9DA87AC02947672500D7E29E /* YoDetailedInfoFormView.swift */; };
		9DA87AC329478B0800D7E29E /* GoogleService-Info.plist in Resources */ = {isa = PBXBuildFile; fileRef = 9DA87AC229478B0800D7E29E /* GoogleService-Info.plist */; };
		9DB117B6294895F50058F0C2 /* DatabaseManager.swift in Sources */ = {isa = PBXBuildFile; fileRef = 9DB117B5294895F50058F0C2 /* DatabaseManager.swift */; };
		9DD47C812949C77500694083 /* YoSignUpTextField.swift in Sources */ = {isa = PBXBuildFile; fileRef = 9DD47C802949C77500694083 /* YoSignUpTextField.swift */; };
		9DF23737294B18E6009DC875 /* MainViewController.swift in Sources */ = {isa = PBXBuildFile; fileRef = 9DF23734294B18E6009DC875 /* MainViewController.swift */; };
		9DF2373E294B18F5009DC875 /* SettingsCell.swift in Sources */ = {isa = PBXBuildFile; fileRef = 9DF2373B294B18F5009DC875 /* SettingsCell.swift */; };
		9DF2373F294B18F5009DC875 /* User.swift in Sources */ = {isa = PBXBuildFile; fileRef = 9DF2373C294B18F5009DC875 /* User.swift */; };
		9DF23740294B18F5009DC875 /* UserData.swift in Sources */ = {isa = PBXBuildFile; fileRef = 9DF2373D294B18F5009DC875 /* UserData.swift */; };
		9DF23745294B19CF009DC875 /* RequestTableViewCell.swift in Sources */ = {isa = PBXBuildFile; fileRef = 9DF23742294B19CF009DC875 /* RequestTableViewCell.swift */; };
		9DF23746294B19CF009DC875 /* SettingsTableViewCell.swift in Sources */ = {isa = PBXBuildFile; fileRef = 9DF23743294B19CF009DC875 /* SettingsTableViewCell.swift */; };
		9DF23747294B19CF009DC875 /* UserTableViewCell.swift in Sources */ = {isa = PBXBuildFile; fileRef = 9DF23744294B19CF009DC875 /* UserTableViewCell.swift */; };
		9DF2374B294B19FC009DC875 /* ContactsViewController.swift in Sources */ = {isa = PBXBuildFile; fileRef = 9DF2374A294B19FC009DC875 /* ContactsViewController.swift */; };
		9DF2374E294B1CB4009DC875 /* ProfileSettingsViewController.swift in Sources */ = {isa = PBXBuildFile; fileRef = 9DF2374C294B1CB4009DC875 /* ProfileSettingsViewController.swift */; };
		9DF2374F294B1CB4009DC875 /* RequestsViewController.swift in Sources */ = {isa = PBXBuildFile; fileRef = 9DF2374D294B1CB4009DC875 /* RequestsViewController.swift */; };
		9DF3B1C02949FE11004EA179 /* finished_animation.json in Resources */ = {isa = PBXBuildFile; fileRef = 9DF3B1BF2949FE11004EA179 /* finished_animation.json */; };
/* End PBXBuildFile section */

/* Begin PBXFileReference section */
		03B5A9CC36CD8AD39A8E14A1 /* Pods-Yo.release.xcconfig */ = {isa = PBXFileReference; includeInIndex = 1; lastKnownFileType = text.xcconfig; name = "Pods-Yo.release.xcconfig"; path = "Target Support Files/Pods-Yo/Pods-Yo.release.xcconfig"; sourceTree = "<group>"; };
		13B59480EACACE785743B64E /* Pods_Yo.framework */ = {isa = PBXFileReference; explicitFileType = wrapper.framework; includeInIndex = 0; path = Pods_Yo.framework; sourceTree = BUILT_PRODUCTS_DIR; };
		625A89C58F87A18D5B8A424E /* Pods-Yo.debug.xcconfig */ = {isa = PBXFileReference; includeInIndex = 1; lastKnownFileType = text.xcconfig; name = "Pods-Yo.debug.xcconfig"; path = "Target Support Files/Pods-Yo/Pods-Yo.debug.xcconfig"; sourceTree = "<group>"; };
		6792B560294494D80033165E /* Yo.app */ = {isa = PBXFileReference; explicitFileType = wrapper.application; includeInIndex = 0; path = Yo.app; sourceTree = BUILT_PRODUCTS_DIR; };
		6792B563294494D80033165E /* AppDelegate.swift */ = {isa = PBXFileReference; lastKnownFileType = sourcecode.swift; path = AppDelegate.swift; sourceTree = "<group>"; };
		6792B565294494D80033165E /* SceneDelegate.swift */ = {isa = PBXFileReference; lastKnownFileType = sourcecode.swift; path = SceneDelegate.swift; sourceTree = "<group>"; };
		6792B56C294494D80033165E /* Assets.xcassets */ = {isa = PBXFileReference; lastKnownFileType = folder.assetcatalog; path = Assets.xcassets; sourceTree = "<group>"; };
		6792B56F294494D80033165E /* Base */ = {isa = PBXFileReference; lastKnownFileType = file.storyboard; name = Base; path = Base.lproj/LaunchScreen.storyboard; sourceTree = "<group>"; };
		6792B571294494D80033165E /* Info.plist */ = {isa = PBXFileReference; lastKnownFileType = text.plist.xml; path = Info.plist; sourceTree = "<group>"; };
		9D7461832949D30900F2681D /* Yo.entitlements */ = {isa = PBXFileReference; lastKnownFileType = text.plist.entitlements; path = Yo.entitlements; sourceTree = "<group>"; };
		9DA87AAC2944AE6800D7E29E /* PhoneNumberViewController.swift */ = {isa = PBXFileReference; lastKnownFileType = sourcecode.swift; path = PhoneNumberViewController.swift; sourceTree = "<group>"; };
		9DA87AB32944B03200D7E29E /* AuthManager.swift */ = {isa = PBXFileReference; lastKnownFileType = sourcecode.swift; path = AuthManager.swift; sourceTree = "<group>"; };
		9DA87AB52944B1D700D7E29E /* Constants.swift */ = {isa = PBXFileReference; lastKnownFileType = sourcecode.swift; path = Constants.swift; sourceTree = "<group>"; };
		9DA87AB72944B2A600D7E29E /* Extensions.swift */ = {isa = PBXFileReference; lastKnownFileType = sourcecode.swift; path = Extensions.swift; sourceTree = "<group>"; };
		9DA87AB9294734DC00D7E29E /* PhoneCodeViewController.swift */ = {isa = PBXFileReference; lastKnownFileType = sourcecode.swift; path = PhoneCodeViewController.swift; sourceTree = "<group>"; };
		9DA87ABB2947358700D7E29E /* SignUpFormViewController.swift */ = {isa = PBXFileReference; lastKnownFileType = sourcecode.swift; path = SignUpFormViewController.swift; sourceTree = "<group>"; };
		9DA87ABE2947522F00D7E29E /* YoPhoneCodeTextField.swift */ = {isa = PBXFileReference; lastKnownFileType = sourcecode.swift; path = YoPhoneCodeTextField.swift; sourceTree = "<group>"; };
		9DA87AC02947672500D7E29E /* YoDetailedInfoFormView.swift */ = {isa = PBXFileReference; lastKnownFileType = sourcecode.swift; path = YoDetailedInfoFormView.swift; sourceTree = "<group>"; };
		9DA87AC229478B0800D7E29E /* GoogleService-Info.plist */ = {isa = PBXFileReference; fileEncoding = 4; lastKnownFileType = text.plist.xml; path = "GoogleService-Info.plist"; sourceTree = "<group>"; };
		9DB117B5294895F50058F0C2 /* DatabaseManager.swift */ = {isa = PBXFileReference; lastKnownFileType = sourcecode.swift; path = DatabaseManager.swift; sourceTree = "<group>"; };
		9DD47C802949C77500694083 /* YoSignUpTextField.swift */ = {isa = PBXFileReference; lastKnownFileType = sourcecode.swift; path = YoSignUpTextField.swift; sourceTree = "<group>"; };
		9DF23734294B18E6009DC875 /* MainViewController.swift */ = {isa = PBXFileReference; fileEncoding = 4; lastKnownFileType = sourcecode.swift; path = MainViewController.swift; sourceTree = "<group>"; };
		9DF2373B294B18F5009DC875 /* SettingsCell.swift */ = {isa = PBXFileReference; fileEncoding = 4; lastKnownFileType = sourcecode.swift; path = SettingsCell.swift; sourceTree = "<group>"; };
		9DF2373C294B18F5009DC875 /* User.swift */ = {isa = PBXFileReference; fileEncoding = 4; lastKnownFileType = sourcecode.swift; path = User.swift; sourceTree = "<group>"; };
		9DF2373D294B18F5009DC875 /* UserData.swift */ = {isa = PBXFileReference; fileEncoding = 4; lastKnownFileType = sourcecode.swift; path = UserData.swift; sourceTree = "<group>"; };
		9DF23742294B19CF009DC875 /* RequestTableViewCell.swift */ = {isa = PBXFileReference; fileEncoding = 4; lastKnownFileType = sourcecode.swift; path = RequestTableViewCell.swift; sourceTree = "<group>"; };
		9DF23743294B19CF009DC875 /* SettingsTableViewCell.swift */ = {isa = PBXFileReference; fileEncoding = 4; lastKnownFileType = sourcecode.swift; path = SettingsTableViewCell.swift; sourceTree = "<group>"; };
		9DF23744294B19CF009DC875 /* UserTableViewCell.swift */ = {isa = PBXFileReference; fileEncoding = 4; lastKnownFileType = sourcecode.swift; path = UserTableViewCell.swift; sourceTree = "<group>"; };
		9DF2374A294B19FC009DC875 /* ContactsViewController.swift */ = {isa = PBXFileReference; fileEncoding = 4; lastKnownFileType = sourcecode.swift; path = ContactsViewController.swift; sourceTree = "<group>"; };
		9DF2374C294B1CB4009DC875 /* ProfileSettingsViewController.swift */ = {isa = PBXFileReference; fileEncoding = 4; lastKnownFileType = sourcecode.swift; path = ProfileSettingsViewController.swift; sourceTree = "<group>"; };
		9DF2374D294B1CB4009DC875 /* RequestsViewController.swift */ = {isa = PBXFileReference; fileEncoding = 4; lastKnownFileType = sourcecode.swift; path = RequestsViewController.swift; sourceTree = "<group>"; };
		9DF3B1BF2949FE11004EA179 /* finished_animation.json */ = {isa = PBXFileReference; fileEncoding = 4; lastKnownFileType = text.json; path = finished_animation.json; sourceTree = "<group>"; };
/* End PBXFileReference section */

/* Begin PBXFrameworksBuildPhase section */
		6792B55D294494D80033165E /* Frameworks */ = {
			isa = PBXFrameworksBuildPhase;
			buildActionMask = 2147483647;
			files = (
				37B260702B8BE1AE44B15B6B /* Pods_Yo.framework in Frameworks */,
			);
			runOnlyForDeploymentPostprocessing = 0;
		};
/* End PBXFrameworksBuildPhase section */

/* Begin PBXGroup section */
		6792B557294494D80033165E = {
			isa = PBXGroup;
			children = (
				6792B562294494D80033165E /* Yo */,
				6792B561294494D80033165E /* Products */,
				ADBBB094531F59F447974041 /* Pods */,
				EEC304044922B391069CCC86 /* Frameworks */,
			);
			sourceTree = "<group>";
		};
		6792B561294494D80033165E /* Products */ = {
			isa = PBXGroup;
			children = (
				6792B560294494D80033165E /* Yo.app */,
			);
			name = Products;
			sourceTree = "<group>";
		};
		6792B562294494D80033165E /* Yo */ = {
			isa = PBXGroup;
			children = (
				9D7461832949D30900F2681D /* Yo.entitlements */,
				9DF2373A294B18F5009DC875 /* Models */,
				9DA87AB22944B02700D7E29E /* Managers */,
				6792B571294494D80033165E /* Info.plist */,
				9DA87AA82944AE1100D7E29E /* Resources */,
				9DA87AA62944AE0600D7E29E /* Controllers */,
				9DA87AA52944AE0000D7E29E /* Views */,
			);
			path = Yo;
			sourceTree = "<group>";
		};
		9DA87AA52944AE0000D7E29E /* Views */ = {
			isa = PBXGroup;
			children = (
				9DF23741294B19CF009DC875 /* Cells */,
				9DA87ABD2947521300D7E29E /* Custom UI */,
				6792B56E294494D80033165E /* LaunchScreen.storyboard */,
			);
			path = Views;
			sourceTree = "<group>";
		};
		9DA87AA62944AE0600D7E29E /* Controllers */ = {
			isa = PBXGroup;
			children = (
				9DA87AAB2944AE4400D7E29E /* Authorization */,
				9DF23749294B19FC009DC875 /* Other */,
				9DA87AA92944AE3100D7E29E /* Main */,
			);
			path = Controllers;
			sourceTree = "<group>";
		};
		9DA87AA82944AE1100D7E29E /* Resources */ = {
			isa = PBXGroup;
			children = (
				9DA87AC229478B0800D7E29E /* GoogleService-Info.plist */,
				6792B563294494D80033165E /* AppDelegate.swift */,
				6792B565294494D80033165E /* SceneDelegate.swift */,
				9DF3B1BF2949FE11004EA179 /* finished_animation.json */,
				6792B56C294494D80033165E /* Assets.xcassets */,
				9DA87AB52944B1D700D7E29E /* Constants.swift */,
				9DA87AB72944B2A600D7E29E /* Extensions.swift */,
			);
			path = Resources;
			sourceTree = "<group>";
		};
		9DA87AA92944AE3100D7E29E /* Main */ = {
			isa = PBXGroup;
			children = (
				9DF23734294B18E6009DC875 /* MainViewController.swift */,
				9DF2374C294B1CB4009DC875 /* ProfileSettingsViewController.swift */,
				9DF2374D294B1CB4009DC875 /* RequestsViewController.swift */,
			);
			path = Main;
			sourceTree = "<group>";
		};
		9DA87AAB2944AE4400D7E29E /* Authorization */ = {
			isa = PBXGroup;
			children = (
				9DA87AAC2944AE6800D7E29E /* PhoneNumberViewController.swift */,
				9DA87AB9294734DC00D7E29E /* PhoneCodeViewController.swift */,
				9DA87ABB2947358700D7E29E /* SignUpFormViewController.swift */,
			);
			path = Authorization;
			sourceTree = "<group>";
		};
		9DA87AB22944B02700D7E29E /* Managers */ = {
			isa = PBXGroup;
			children = (
				9DA87AB32944B03200D7E29E /* AuthManager.swift */,
				9DB117B5294895F50058F0C2 /* DatabaseManager.swift */,
			);
			path = Managers;
			sourceTree = "<group>";
		};
		9DA87ABD2947521300D7E29E /* Custom UI */ = {
			isa = PBXGroup;
			children = (
				9DA87ABE2947522F00D7E29E /* YoPhoneCodeTextField.swift */,
				9DA87AC02947672500D7E29E /* YoDetailedInfoFormView.swift */,
				9DD47C802949C77500694083 /* YoSignUpTextField.swift */,
			);
			path = "Custom UI";
			sourceTree = "<group>";
		};
		9DF2373A294B18F5009DC875 /* Models */ = {
			isa = PBXGroup;
			children = (
				9DF2373B294B18F5009DC875 /* SettingsCell.swift */,
				9DF2373C294B18F5009DC875 /* User.swift */,
				9DF2373D294B18F5009DC875 /* UserData.swift */,
			);
			path = Models;
			sourceTree = "<group>";
		};
		9DF23741294B19CF009DC875 /* Cells */ = {
			isa = PBXGroup;
			children = (
				9DF23742294B19CF009DC875 /* RequestTableViewCell.swift */,
				9DF23743294B19CF009DC875 /* SettingsTableViewCell.swift */,
				9DF23744294B19CF009DC875 /* UserTableViewCell.swift */,
			);
			path = Cells;
			sourceTree = "<group>";
		};
		9DF23749294B19FC009DC875 /* Other */ = {
			isa = PBXGroup;
			children = (
				9DF2374A294B19FC009DC875 /* ContactsViewController.swift */,
			);
			path = Other;
			sourceTree = "<group>";
		};
		ADBBB094531F59F447974041 /* Pods */ = {
			isa = PBXGroup;
			children = (
				625A89C58F87A18D5B8A424E /* Pods-Yo.debug.xcconfig */,
				03B5A9CC36CD8AD39A8E14A1 /* Pods-Yo.release.xcconfig */,
			);
			path = Pods;
			sourceTree = "<group>";
		};
		EEC304044922B391069CCC86 /* Frameworks */ = {
			isa = PBXGroup;
			children = (
				13B59480EACACE785743B64E /* Pods_Yo.framework */,
			);
			name = Frameworks;
			sourceTree = "<group>";
		};
/* End PBXGroup section */

/* Begin PBXNativeTarget section */
		6792B55F294494D80033165E /* Yo */ = {
			isa = PBXNativeTarget;
			buildConfigurationList = 6792B574294494D80033165E /* Build configuration list for PBXNativeTarget "Yo" */;
			buildPhases = (
				DEDA2A0731F2EF7A0328739B /* [CP] Check Pods Manifest.lock */,
				6792B55C294494D80033165E /* Sources */,
				6792B55D294494D80033165E /* Frameworks */,
				6792B55E294494D80033165E /* Resources */,
				959802841F161258C2AC0D4F /* [CP] Embed Pods Frameworks */,
			);
			buildRules = (
			);
			dependencies = (
			);
			name = Yo;
			productName = Yo;
			productReference = 6792B560294494D80033165E /* Yo.app */;
			productType = "com.apple.product-type.application";
		};
/* End PBXNativeTarget section */

/* Begin PBXProject section */
		6792B558294494D80033165E /* Project object */ = {
			isa = PBXProject;
			attributes = {
				BuildIndependentTargetsInParallel = 1;
				LastSwiftUpdateCheck = 1400;
				LastUpgradeCheck = 1400;
				TargetAttributes = {
					6792B55F294494D80033165E = {
						CreatedOnToolsVersion = 14.0.1;
					};
				};
			};
			buildConfigurationList = 6792B55B294494D80033165E /* Build configuration list for PBXProject "Yo" */;
			compatibilityVersion = "Xcode 14.0";
			developmentRegion = en;
			hasScannedForEncodings = 0;
			knownRegions = (
				en,
				Base,
			);
			mainGroup = 6792B557294494D80033165E;
			productRefGroup = 6792B561294494D80033165E /* Products */;
			projectDirPath = "";
			projectRoot = "";
			targets = (
				6792B55F294494D80033165E /* Yo */,
			);
		};
/* End PBXProject section */

/* Begin PBXResourcesBuildPhase section */
		6792B55E294494D80033165E /* Resources */ = {
			isa = PBXResourcesBuildPhase;
			buildActionMask = 2147483647;
			files = (
				9DF3B1C02949FE11004EA179 /* finished_animation.json in Resources */,
				6792B570294494D80033165E /* LaunchScreen.storyboard in Resources */,
				6792B56D294494D80033165E /* Assets.xcassets in Resources */,
				9DA87AC329478B0800D7E29E /* GoogleService-Info.plist in Resources */,
			);
			runOnlyForDeploymentPostprocessing = 0;
		};
/* End PBXResourcesBuildPhase section */

/* Begin PBXShellScriptBuildPhase section */
		959802841F161258C2AC0D4F /* [CP] Embed Pods Frameworks */ = {
			isa = PBXShellScriptBuildPhase;
			buildActionMask = 2147483647;
			files = (
			);
			inputFileListPaths = (
				"${PODS_ROOT}/Target Support Files/Pods-Yo/Pods-Yo-frameworks-${CONFIGURATION}-input-files.xcfilelist",
			);
			name = "[CP] Embed Pods Frameworks";
			outputFileListPaths = (
				"${PODS_ROOT}/Target Support Files/Pods-Yo/Pods-Yo-frameworks-${CONFIGURATION}-output-files.xcfilelist",
			);
			runOnlyForDeploymentPostprocessing = 0;
			shellPath = /bin/sh;
			shellScript = "\"${PODS_ROOT}/Target Support Files/Pods-Yo/Pods-Yo-frameworks.sh\"\n";
			showEnvVarsInLog = 0;
		};
		DEDA2A0731F2EF7A0328739B /* [CP] Check Pods Manifest.lock */ = {
			isa = PBXShellScriptBuildPhase;
			buildActionMask = 2147483647;
			files = (
			);
			inputFileListPaths = (
			);
			inputPaths = (
				"${PODS_PODFILE_DIR_PATH}/Podfile.lock",
				"${PODS_ROOT}/Manifest.lock",
			);
			name = "[CP] Check Pods Manifest.lock";
			outputFileListPaths = (
			);
			outputPaths = (
				"$(DERIVED_FILE_DIR)/Pods-Yo-checkManifestLockResult.txt",
			);
			runOnlyForDeploymentPostprocessing = 0;
			shellPath = /bin/sh;
			shellScript = "diff \"${PODS_PODFILE_DIR_PATH}/Podfile.lock\" \"${PODS_ROOT}/Manifest.lock\" > /dev/null\nif [ $? != 0 ] ; then\n    # print error to STDERR\n    echo \"error: The sandbox is not in sync with the Podfile.lock. Run 'pod install' or update your CocoaPods installation.\" >&2\n    exit 1\nfi\n# This output is used by Xcode 'outputs' to avoid re-running this script phase.\necho \"SUCCESS\" > \"${SCRIPT_OUTPUT_FILE_0}\"\n";
			showEnvVarsInLog = 0;
		};
/* End PBXShellScriptBuildPhase section */

/* Begin PBXSourcesBuildPhase section */
		6792B55C294494D80033165E /* Sources */ = {
			isa = PBXSourcesBuildPhase;
			buildActionMask = 2147483647;
			files = (
				9DA87AB82944B2A600D7E29E /* Extensions.swift in Sources */,
				9DF2374B294B19FC009DC875 /* ContactsViewController.swift in Sources */,
				9DF2374F294B1CB4009DC875 /* RequestsViewController.swift in Sources */,
				9DF23737294B18E6009DC875 /* MainViewController.swift in Sources */,
				9DD47C812949C77500694083 /* YoSignUpTextField.swift in Sources */,
				9DA87AB42944B03200D7E29E /* AuthManager.swift in Sources */,
				9DF23745294B19CF009DC875 /* RequestTableViewCell.swift in Sources */,
				9DB117B6294895F50058F0C2 /* DatabaseManager.swift in Sources */,
				9DA87ABA294734DC00D7E29E /* PhoneCodeViewController.swift in Sources */,
				9DF2373F294B18F5009DC875 /* User.swift in Sources */,
				9DA87ABF2947522F00D7E29E /* YoPhoneCodeTextField.swift in Sources */,
				9DF2374E294B1CB4009DC875 /* ProfileSettingsViewController.swift in Sources */,
				9DA87ABC2947358700D7E29E /* SignUpFormViewController.swift in Sources */,
				6792B564294494D80033165E /* AppDelegate.swift in Sources */,
				9DF23740294B18F5009DC875 /* UserData.swift in Sources */,
				9DA87AAD2944AE6800D7E29E /* PhoneNumberViewController.swift in Sources */,
				6792B566294494D80033165E /* SceneDelegate.swift in Sources */,
				9DF23747294B19CF009DC875 /* UserTableViewCell.swift in Sources */,
				9DA87AC12947672500D7E29E /* YoDetailedInfoFormView.swift in Sources */,
				9DF2373E294B18F5009DC875 /* SettingsCell.swift in Sources */,
				9DF23746294B19CF009DC875 /* SettingsTableViewCell.swift in Sources */,
				9DA87AB62944B1D700D7E29E /* Constants.swift in Sources */,
			);
			runOnlyForDeploymentPostprocessing = 0;
		};
/* End PBXSourcesBuildPhase section */

/* Begin PBXVariantGroup section */
		6792B56E294494D80033165E /* LaunchScreen.storyboard */ = {
			isa = PBXVariantGroup;
			children = (
				6792B56F294494D80033165E /* Base */,
			);
			name = LaunchScreen.storyboard;
			sourceTree = "<group>";
		};
/* End PBXVariantGroup section */

/* Begin XCBuildConfiguration section */
		6792B572294494D80033165E /* Debug */ = {
			isa = XCBuildConfiguration;
			buildSettings = {
				ALWAYS_SEARCH_USER_PATHS = NO;
				CLANG_ANALYZER_NONNULL = YES;
				CLANG_ANALYZER_NUMBER_OBJECT_CONVERSION = YES_AGGRESSIVE;
				CLANG_CXX_LANGUAGE_STANDARD = "gnu++20";
				CLANG_ENABLE_MODULES = YES;
				CLANG_ENABLE_OBJC_ARC = YES;
				CLANG_ENABLE_OBJC_WEAK = YES;
				CLANG_WARN_BLOCK_CAPTURE_AUTORELEASING = YES;
				CLANG_WARN_BOOL_CONVERSION = YES;
				CLANG_WARN_COMMA = YES;
				CLANG_WARN_CONSTANT_CONVERSION = YES;
				CLANG_WARN_DEPRECATED_OBJC_IMPLEMENTATIONS = YES;
				CLANG_WARN_DIRECT_OBJC_ISA_USAGE = YES_ERROR;
				CLANG_WARN_DOCUMENTATION_COMMENTS = YES;
				CLANG_WARN_EMPTY_BODY = YES;
				CLANG_WARN_ENUM_CONVERSION = YES;
				CLANG_WARN_INFINITE_RECURSION = YES;
				CLANG_WARN_INT_CONVERSION = YES;
				CLANG_WARN_NON_LITERAL_NULL_CONVERSION = YES;
				CLANG_WARN_OBJC_IMPLICIT_RETAIN_SELF = YES;
				CLANG_WARN_OBJC_LITERAL_CONVERSION = YES;
				CLANG_WARN_OBJC_ROOT_CLASS = YES_ERROR;
				CLANG_WARN_QUOTED_INCLUDE_IN_FRAMEWORK_HEADER = YES;
				CLANG_WARN_RANGE_LOOP_ANALYSIS = YES;
				CLANG_WARN_STRICT_PROTOTYPES = YES;
				CLANG_WARN_SUSPICIOUS_MOVE = YES;
				CLANG_WARN_UNGUARDED_AVAILABILITY = YES_AGGRESSIVE;
				CLANG_WARN_UNREACHABLE_CODE = YES;
				CLANG_WARN__DUPLICATE_METHOD_MATCH = YES;
				COPY_PHASE_STRIP = NO;
				DEBUG_INFORMATION_FORMAT = dwarf;
				ENABLE_STRICT_OBJC_MSGSEND = YES;
				ENABLE_TESTABILITY = YES;
				GCC_C_LANGUAGE_STANDARD = gnu11;
				GCC_DYNAMIC_NO_PIC = NO;
				GCC_NO_COMMON_BLOCKS = YES;
				GCC_OPTIMIZATION_LEVEL = 0;
				GCC_PREPROCESSOR_DEFINITIONS = (
					"DEBUG=1",
					"$(inherited)",
				);
				GCC_WARN_64_TO_32_BIT_CONVERSION = YES;
				GCC_WARN_ABOUT_RETURN_TYPE = YES_ERROR;
				GCC_WARN_UNDECLARED_SELECTOR = YES;
				GCC_WARN_UNINITIALIZED_AUTOS = YES_AGGRESSIVE;
				GCC_WARN_UNUSED_FUNCTION = YES;
				GCC_WARN_UNUSED_VARIABLE = YES;
				IPHONEOS_DEPLOYMENT_TARGET = 16.0;
				MTL_ENABLE_DEBUG_INFO = INCLUDE_SOURCE;
				MTL_FAST_MATH = YES;
				ONLY_ACTIVE_ARCH = YES;
				SDKROOT = iphoneos;
				SWIFT_ACTIVE_COMPILATION_CONDITIONS = DEBUG;
				SWIFT_OPTIMIZATION_LEVEL = "-Onone";
			};
			name = Debug;
		};
		6792B573294494D80033165E /* Release */ = {
			isa = XCBuildConfiguration;
			buildSettings = {
				ALWAYS_SEARCH_USER_PATHS = NO;
				CLANG_ANALYZER_NONNULL = YES;
				CLANG_ANALYZER_NUMBER_OBJECT_CONVERSION = YES_AGGRESSIVE;
				CLANG_CXX_LANGUAGE_STANDARD = "gnu++20";
				CLANG_ENABLE_MODULES = YES;
				CLANG_ENABLE_OBJC_ARC = YES;
				CLANG_ENABLE_OBJC_WEAK = YES;
				CLANG_WARN_BLOCK_CAPTURE_AUTORELEASING = YES;
				CLANG_WARN_BOOL_CONVERSION = YES;
				CLANG_WARN_COMMA = YES;
				CLANG_WARN_CONSTANT_CONVERSION = YES;
				CLANG_WARN_DEPRECATED_OBJC_IMPLEMENTATIONS = YES;
				CLANG_WARN_DIRECT_OBJC_ISA_USAGE = YES_ERROR;
				CLANG_WARN_DOCUMENTATION_COMMENTS = YES;
				CLANG_WARN_EMPTY_BODY = YES;
				CLANG_WARN_ENUM_CONVERSION = YES;
				CLANG_WARN_INFINITE_RECURSION = YES;
				CLANG_WARN_INT_CONVERSION = YES;
				CLANG_WARN_NON_LITERAL_NULL_CONVERSION = YES;
				CLANG_WARN_OBJC_IMPLICIT_RETAIN_SELF = YES;
				CLANG_WARN_OBJC_LITERAL_CONVERSION = YES;
				CLANG_WARN_OBJC_ROOT_CLASS = YES_ERROR;
				CLANG_WARN_QUOTED_INCLUDE_IN_FRAMEWORK_HEADER = YES;
				CLANG_WARN_RANGE_LOOP_ANALYSIS = YES;
				CLANG_WARN_STRICT_PROTOTYPES = YES;
				CLANG_WARN_SUSPICIOUS_MOVE = YES;
				CLANG_WARN_UNGUARDED_AVAILABILITY = YES_AGGRESSIVE;
				CLANG_WARN_UNREACHABLE_CODE = YES;
				CLANG_WARN__DUPLICATE_METHOD_MATCH = YES;
				COPY_PHASE_STRIP = NO;
				DEBUG_INFORMATION_FORMAT = "dwarf-with-dsym";
				ENABLE_NS_ASSERTIONS = NO;
				ENABLE_STRICT_OBJC_MSGSEND = YES;
				GCC_C_LANGUAGE_STANDARD = gnu11;
				GCC_NO_COMMON_BLOCKS = YES;
				GCC_WARN_64_TO_32_BIT_CONVERSION = YES;
				GCC_WARN_ABOUT_RETURN_TYPE = YES_ERROR;
				GCC_WARN_UNDECLARED_SELECTOR = YES;
				GCC_WARN_UNINITIALIZED_AUTOS = YES_AGGRESSIVE;
				GCC_WARN_UNUSED_FUNCTION = YES;
				GCC_WARN_UNUSED_VARIABLE = YES;
				IPHONEOS_DEPLOYMENT_TARGET = 16.0;
				MTL_ENABLE_DEBUG_INFO = NO;
				MTL_FAST_MATH = YES;
				SDKROOT = iphoneos;
				SWIFT_COMPILATION_MODE = wholemodule;
				SWIFT_OPTIMIZATION_LEVEL = "-O";
				VALIDATE_PRODUCT = YES;
			};
			name = Release;
		};
		6792B575294494D80033165E /* Debug */ = {
			isa = XCBuildConfiguration;
			baseConfigurationReference = 625A89C58F87A18D5B8A424E /* Pods-Yo.debug.xcconfig */;
			buildSettings = {
				ASSETCATALOG_COMPILER_APPICON_NAME = AppIcon;
				ASSETCATALOG_COMPILER_GLOBAL_ACCENT_COLOR_NAME = AccentColor;
				ASSETCATALOG_COMPILER_INCLUDE_ALL_APPICON_ASSETS = YES;
				CODE_SIGN_ENTITLEMENTS = Yo/Yo.entitlements;
				CODE_SIGN_STYLE = Automatic;
				CURRENT_PROJECT_VERSION = 1;
				DEVELOPMENT_TEAM = XF47MVN3FY;
				GENERATE_INFOPLIST_FILE = YES;
				INFOPLIST_FILE = Yo/Info.plist;
				INFOPLIST_KEY_CFBundleDisplayName = Yo;
				INFOPLIST_KEY_NSContactsUsageDescription = "Yo uses your contacts to send messages.";
				INFOPLIST_KEY_UIApplicationSupportsIndirectInputEvents = YES;
				INFOPLIST_KEY_UILaunchStoryboardName = LaunchScreen.storyboard;
				INFOPLIST_KEY_UISupportedInterfaceOrientations = UIInterfaceOrientationPortrait;
				IPHONEOS_DEPLOYMENT_TARGET = 14.0;
				LD_RUNPATH_SEARCH_PATHS = (
					"$(inherited)",
					"@executable_path/Frameworks",
				);
				MARKETING_VERSION = 1.0;
				PRODUCT_BUNDLE_IDENTIFIER = com.Tomi.YoApp;
				PRODUCT_NAME = "$(TARGET_NAME)";
				SUPPORTED_PLATFORMS = "iphoneos iphonesimulator";
				SUPPORTS_MACCATALYST = NO;
				SUPPORTS_MAC_DESIGNED_FOR_IPHONE_IPAD = NO;
				SWIFT_EMIT_LOC_STRINGS = YES;
				SWIFT_VERSION = 5.0;
				TARGETED_DEVICE_FAMILY = 1;
			};
			name = Debug;
		};
		6792B576294494D80033165E /* Release */ = {
			isa = XCBuildConfiguration;
			baseConfigurationReference = 03B5A9CC36CD8AD39A8E14A1 /* Pods-Yo.release.xcconfig */;
			buildSettings = {
				ASSETCATALOG_COMPILER_APPICON_NAME = AppIcon;
				ASSETCATALOG_COMPILER_GLOBAL_ACCENT_COLOR_NAME = AccentColor;
				ASSETCATALOG_COMPILER_INCLUDE_ALL_APPICON_ASSETS = YES;
				CODE_SIGN_ENTITLEMENTS = Yo/Yo.entitlements;
				CODE_SIGN_STYLE = Automatic;
				CURRENT_PROJECT_VERSION = 1;
				DEVELOPMENT_TEAM = XF47MVN3FY;
				GENERATE_INFOPLIST_FILE = YES;
				INFOPLIST_FILE = Yo/Info.plist;
				INFOPLIST_KEY_CFBundleDisplayName = Yo;
				INFOPLIST_KEY_NSContactsUsageDescription = "Yo uses your contacts to send messages.";
				INFOPLIST_KEY_UIApplicationSupportsIndirectInputEvents = YES;
				INFOPLIST_KEY_UILaunchStoryboardName = LaunchScreen.storyboard;
				INFOPLIST_KEY_UISupportedInterfaceOrientations = UIInterfaceOrientationPortrait;
				IPHONEOS_DEPLOYMENT_TARGET = 14.0;
				LD_RUNPATH_SEARCH_PATHS = (
					"$(inherited)",
					"@executable_path/Frameworks",
				);
				MARKETING_VERSION = 1.0;
				PRODUCT_BUNDLE_IDENTIFIER = com.Tomi.YoApp;
				PRODUCT_NAME = "$(TARGET_NAME)";
				SUPPORTED_PLATFORMS = "iphoneos iphonesimulator";
				SUPPORTS_MACCATALYST = NO;
				SUPPORTS_MAC_DESIGNED_FOR_IPHONE_IPAD = NO;
				SWIFT_EMIT_LOC_STRINGS = YES;
				SWIFT_VERSION = 5.0;
				TARGETED_DEVICE_FAMILY = 1;
			};
			name = Release;
		};
/* End XCBuildConfiguration section */

/* Begin XCConfigurationList section */
		6792B55B294494D80033165E /* Build configuration list for PBXProject "Yo" */ = {
			isa = XCConfigurationList;
			buildConfigurations = (
				6792B572294494D80033165E /* Debug */,
				6792B573294494D80033165E /* Release */,
			);
			defaultConfigurationIsVisible = 0;
			defaultConfigurationName = Release;
		};
		6792B574294494D80033165E /* Build configuration list for PBXNativeTarget "Yo" */ = {
			isa = XCConfigurationList;
			buildConfigurations = (
				6792B575294494D80033165E /* Debug */,
				6792B576294494D80033165E /* Release */,
			);
			defaultConfigurationIsVisible = 0;
			defaultConfigurationName = Release;
		};
/* End XCConfigurationList section */
	};
	rootObject = 6792B558294494D80033165E /* Project object */;
}
